
Microsoft Visual Studio Solution File, Format Version 12.00
# Visual Studio 15
VisualStudioVersion = 15.0.26430.6
MinimumVisualStudioVersion = 10.0.40219.1
Project("{FAE04EC0-301F-11D3-BF4B-00C04F79EFBC}") = "GraphLibrary", "GraphLibrary\GraphLibrary.csproj", "{281F8B61-DEC3-4018-862D-5033DCE4F626}"
EndProject
Project("{FAE04EC0-301F-11D3-BF4B-00C04F79EFBC}") = "Graph Task", "Task19.3\Graph Task.csproj", "{CF3031B0-24CA-4C23-BFFB-26386FCBFD85}"
EndProject
Global
	GlobalSection(SolutionConfigurationPlatforms) = preSolution
		Debug|Any CPU = Debug|Any CPU
		Release|Any CPU = Release|Any CPU
	EndGlobalSection
	GlobalSection(ProjectConfigurationPlatforms) = postSolution
		{281F8B61-DEC3-4018-862D-5033DCE4F626}.Debug|Any CPU.ActiveCfg = Debug|Any CPU
		{281F8B61-DEC3-4018-862D-5033DCE4F626}.Debug|Any CPU.Build.0 = Debug|Any CPU
		{281F8B61-DEC3-4018-862D-5033DCE4F626}.Release|Any CPU.ActiveCfg = Release|Any CPU
		{281F8B61-DEC3-4018-862D-5033DCE4F626}.Release|Any CPU.Build.0 = Release|Any CPU
		{CF3031B0-24CA-4C23-BFFB-26386FCBFD85}.Debug|Any CPU.ActiveCfg = Debug|Any CPU
		{CF3031B0-24CA-4C23-BFFB-26386FCBFD85}.Debug|Any CPU.Build.0 = Debug|Any CPU
		{CF3031B0-24CA-4C23-BFFB-26386FCBFD85}.Release|Any CPU.ActiveCfg = Release|Any CPU
		{CF3031B0-24CA-4C23-BFFB-26386FCBFD85}.Release|Any CPU.Build.0 = Release|Any CPU
	EndGlobalSection
	GlobalSection(SolutionProperties) = preSolution
		HideSolutionNode = FALSE
	EndGlobalSection
	GlobalSection(ExtensibilityGlobals) = postSolution
		SolutionGuid = {2A97931E-0066-427C-A839-3FE77D6E9742}
	EndGlobalSection
EndGlobal
