
Microsoft Visual Studio Solution File, Format Version 12.00
# Visual Studio 15
VisualStudioVersion = 15.0.27130.2027
MinimumVisualStudioVersion = 10.0.40219.1
Project("{FAE04EC0-301F-11D3-BF4B-00C04F79EFBC}") = "LB", "LB\LB.csproj", "{3DF0D063-CB7E-4E1F-9D1F-34F5AD61EF65}"
EndProject
Project("{FAE04EC0-301F-11D3-BF4B-00C04F79EFBC}") = "FormQueue", "FormQueue\FormQueue.csproj", "{559BCA6D-82EE-44F9-ABBE-645A7D7D9076}"
EndProject
Global
	GlobalSection(SolutionConfigurationPlatforms) = preSolution
		Debug|Any CPU = Debug|Any CPU
		Release|Any CPU = Release|Any CPU
	EndGlobalSection
	GlobalSection(ProjectConfigurationPlatforms) = postSolution
		{3DF0D063-CB7E-4E1F-9D1F-34F5AD61EF65}.Debug|Any CPU.ActiveCfg = Debug|Any CPU
		{3DF0D063-CB7E-4E1F-9D1F-34F5AD61EF65}.Debug|Any CPU.Build.0 = Debug|Any CPU
		{3DF0D063-CB7E-4E1F-9D1F-34F5AD61EF65}.Release|Any CPU.ActiveCfg = Release|Any CPU
		{3DF0D063-CB7E-4E1F-9D1F-34F5AD61EF65}.Release|Any CPU.Build.0 = Release|Any CPU
		{559BCA6D-82EE-44F9-ABBE-645A7D7D9076}.Debug|Any CPU.ActiveCfg = Debug|Any CPU
		{559BCA6D-82EE-44F9-ABBE-645A7D7D9076}.Debug|Any CPU.Build.0 = Debug|Any CPU
		{559BCA6D-82EE-44F9-ABBE-645A7D7D9076}.Release|Any CPU.ActiveCfg = Release|Any CPU
		{559BCA6D-82EE-44F9-ABBE-645A7D7D9076}.Release|Any CPU.Build.0 = Release|Any CPU
	EndGlobalSection
	GlobalSection(SolutionProperties) = preSolution
		HideSolutionNode = FALSE
	EndGlobalSection
	GlobalSection(ExtensibilityGlobals) = postSolution
		SolutionGuid = {BD95CF8D-0939-442C-8247-98376B100FDD}
	EndGlobalSection
EndGlobal
